
Microsoft Visual Studio Solution File, Format Version 12.00
# Visual Studio Version 16
VisualStudioVersion = 16.0.29920.165
MinimumVisualStudioVersion = 10.0.40219.1
Project("{8BC9CEB8-8B4A-11D0-8D11-00A0C91BC942}") = "SCMS", "SCMS\SCMS.vcxproj", "{042F9CDF-1C76-4ADD-8E86-AF37B2805766}"
EndProject
Global
	GlobalSection(SolutionConfigurationPlatforms) = preSolution
		Debug|x64 = Debug|x64
		Release|x64 = Release|x64
	EndGlobalSection
	GlobalSection(ProjectConfigurationPlatforms) = postSolution
		{042F9CDF-1C76-4ADD-8E86-AF37B2805766}.Debug|x64.ActiveCfg = Debug|x64
		{042F9CDF-1C76-4ADD-8E86-AF37B2805766}.Debug|x64.Build.0 = Debug|x64
		{042F9CDF-1C76-4ADD-8E86-AF37B2805766}.Release|x64.ActiveCfg = Release|x64
		{042F9CDF-1C76-4ADD-8E86-AF37B2805766}.Release|x64.Build.0 = Release|x64
	EndGlobalSection
	GlobalSection(SolutionProperties) = preSolution
		HideSolutionNode = FALSE
	EndGlobalSection
	GlobalSection(ExtensibilityGlobals) = postSolution
		SolutionGuid = {F46D4DB7-BB54-4B13-88CF-59E06DF5FDE6}
	EndGlobalSection
EndGlobal
