<?xml version="1.0" encoding="utf-8"?>
<Project ToolsVersion="4.0" xmlns="http://schemas.microsoft.com/developer/msbuild/2003">
  <ItemGroup>
    <Filter Include="Source Files">
      <UniqueIdentifier>{4FC737F1-C7A5-4376-A066-2A32D752A2FF}</UniqueIdentifier>
      <Extensions>cpp;c;cc;cxx;def;odl;idl;hpj;bat;asm;asmx</Extensions>
    </Filter>
    <Filter Include="Header Files">
      <UniqueIdentifier>{93995380-89BD-4b04-88EB-625FBE52EBFB}</UniqueIdentifier>
      <Extensions>h;hh;hpp;hxx;hm;inl;inc;xsd</Extensions>
    </Filter>
    <Filter Include="Resource Files">
      <UniqueIdentifier>{D9D6E242-F8AF-46E4-B9FD-80ECBC20BA3E}</UniqueIdentifier>
      <Extensions>qrc;*</Extensions>
      <ParseFiles>false</ParseFiles>
    </Filter>
    <Filter Include="Form Files">
      <UniqueIdentifier>{99349809-55BA-4b9d-BF79-8FDBB0286EB3}</UniqueIdentifier>
      <Extensions>ui</Extensions>
    </Filter>
    <Filter Include="Resource Files">
      <UniqueIdentifier>{D9D6E242-F8AF-46E4-B9FD-80ECBC20BA3E}</UniqueIdentifier>
      <Extensions>qrc;*</Extensions>
      <ParseFiles>false</ParseFiles>
    </Filter>
  </ItemGroup>
  <ItemGroup>
    <ClCompile Include="main.cpp">
      <Filter>Source Files</Filter>
    </ClCompile>
    <ClCompile Include="AddCourseWidget.cpp">
      <Filter>Source Files</Filter>
    </ClCompile>
    <ClCompile Include="AdminCourseListWidget.cpp">
      <Filter>Source Files</Filter>
    </ClCompile>
    <ClCompile Include="AdminMainWindow.cpp">
      <Filter>Source Files</Filter>
    </ClCompile>
    <ClCompile Include="Course.cpp">
      <Filter>Source Files</Filter>
    </ClCompile>
    <ClCompile Include="CourseManage.cpp">
      <Filter>Source Files</Filter>
    </ClCompile>
    <ClCompile Include="EditCourseWidget.cpp">
      <Filter>Source Files</Filter>
    </ClCompile>
    <ClCompile Include="Keyring.cpp">
      <Filter>Source Files</Filter>
    </ClCompile>
    <ClCompile Include="LoginDialog.cpp">
      <Filter>Source Files</Filter>
    </ClCompile>
    <ClCompile Include="RegisterWidget.cpp">
      <Filter>Source Files</Filter>
    </ClCompile>
    <ClCompile Include="SetAssistantDialog.cpp">
      <Filter>Source Files</Filter>
    </ClCompile>
    <ClCompile Include="StudentCourseListWidget.cpp">
      <Filter>Source Files</Filter>
    </ClCompile>
    <ClCompile Include="StudentMainWindow.cpp">
      <Filter>Source Files</Filter>
    </ClCompile>
    <ClCompile Include="StudentOwnCourseWidget.cpp">
      <Filter>Source Files</Filter>
    </ClCompile>
    <ClCompile Include="ViewScheduleWidget.cpp">
      <Filter>Source Files</Filter>
    </ClCompile>
    <ClCompile Include="AddConnectionWidget.cpp">
      <Filter>Source Files</Filter>
    </ClCompile>
  </ItemGroup>
  <ItemGroup>
    <QtRcc Include="LoginDialog.qrc">
      <Filter>Resource Files</Filter>
    </QtRcc>
  </ItemGroup>
  <ItemGroup>
    <QtMoc Include="AddCourseWidget.h">
      <Filter>Header Files</Filter>
    </QtMoc>
    <QtMoc Include="AdminCourseListWidget.h">
      <Filter>Header Files</Filter>
    </QtMoc>
    <QtMoc Include="AdminMainWindow.h">
      <Filter>Header Files</Filter>
    </QtMoc>
    <QtMoc Include="EditCourseWidget.h">
      <Filter>Header Files</Filter>
    </QtMoc>
    <QtMoc Include="LoginDialog.h">
      <Filter>Header Files</Filter>
    </QtMoc>
    <QtMoc Include="RegisterWidget.h">
      <Filter>Header Files</Filter>
    </QtMoc>
    <QtMoc Include="SetAssistantDialog.h">
      <Filter>Header Files</Filter>
    </QtMoc>
    <QtMoc Include="StudentCourseListWidget.h">
      <Filter>Header Files</Filter>
    </QtMoc>
    <QtMoc Include="StudentMainWindow.h">
      <Filter>Header Files</Filter>
    </QtMoc>
    <QtMoc Include="StudentOwnCourseWidget.h">
      <Filter>Header Files</Filter>
    </QtMoc>
    <QtMoc Include="ViewScheduleWidget.h">
      <Filter>Header Files</Filter>
    </QtMoc>
    <QtMoc Include="AddConnectionWidget.h">
      <Filter>Header Files</Filter>
    </QtMoc>
  </ItemGroup>
  <ItemGroup>
    <ClInclude Include="Course.h">
      <Filter>Header Files</Filter>
    </ClInclude>
    <ClInclude Include="CourseManage.h">
      <Filter>Header Files</Filter>
    </ClInclude>
    <ClInclude Include="Keyring.h">
      <Filter>Header Files</Filter>
    </ClInclude>
  </ItemGroup>
  <ItemGroup>
    <QtUic Include="AddCourseWidget.ui">
      <Filter>Form Files</Filter>
    </QtUic>
    <QtUic Include="AdminCourseListWidget.ui">
      <Filter>Form Files</Filter>
    </QtUic>
    <QtUic Include="AdminMainWindow.ui">
      <Filter>Form Files</Filter>
    </QtUic>
    <QtUic Include="EditCourseWidget.ui">
      <Filter>Form Files</Filter>
    </QtUic>
    <QtUic Include="LoginDialog.ui">
      <Filter>Form Files</Filter>
    </QtUic>
    <QtUic Include="RegisterWidget.ui">
      <Filter>Form Files</Filter>
    </QtUic>
    <QtUic Include="SetAssistantDialog.ui">
      <Filter>Form Files</Filter>
    </QtUic>
    <QtUic Include="StudentCourseListWidget.ui">
      <Filter>Form Files</Filter>
    </QtUic>
    <QtUic Include="StudentMainWindow.ui">
      <Filter>Form Files</Filter>
    </QtUic>
    <QtUic Include="StudentOwnCourseWidget.ui">
      <Filter>Form Files</Filter>
    </QtUic>
    <QtUic Include="ViewScheduleWidget.ui">
      <Filter>Form Files</Filter>
    </QtUic>
    <QtUic Include="AddConnectionWidget.ui">
      <Filter>Form Files</Filter>
    </QtUic>
  </ItemGroup>
</Project>